
Microsoft Visual Studio Solution File, Format Version 12.00
# Visual Studio Version 17
VisualStudioVersion = 17.11.35208.52
MinimumVisualStudioVersion = 10.0.40219.1
Project("{FAE04EC0-301F-11D3-BF4B-00C04F79EFBC}") = "CALC1", "CALC1.csproj", "{134FC0A0-C44D-4C80-89F3-605C4C592202}"
EndProject
Global
	GlobalSection(SolutionConfigurationPlatforms) = preSolution
		Debug|Any CPU = Debug|Any CPU
		Release|Any CPU = Release|Any CPU
	EndGlobalSection
	GlobalSection(ProjectConfigurationPlatforms) = postSolution
		{134FC0A0-C44D-4C80-89F3-605C4C592202}.Debug|Any CPU.ActiveCfg = Debug|Any CPU
		{134FC0A0-C44D-4C80-89F3-605C4C592202}.Debug|Any CPU.Build.0 = Debug|Any CPU
		{134FC0A0-C44D-4C80-89F3-605C4C592202}.Release|Any CPU.ActiveCfg = Release|Any CPU
		{134FC0A0-C44D-4C80-89F3-605C4C592202}.Release|Any CPU.Build.0 = Release|Any CPU
	EndGlobalSection
	GlobalSection(SolutionProperties) = preSolution
		HideSolutionNode = FALSE
	EndGlobalSection
	GlobalSection(ExtensibilityGlobals) = postSolution
		SolutionGuid = {DE0EB618-5103-401E-9997-ED4C06D82CF0}
	EndGlobalSection
EndGlobal
